
Microsoft Visual Studio Solution File, Format Version 12.00
# Visual Studio 15
VisualStudioVersion = 15.0.27130.2024
MinimumVisualStudioVersion = 10.0.40219.1
Project("{9A19103F-16F7-4668-BE54-9A1E7A4F7556}") = "A01_Row_Data", "A01_Row_Data\A01_Row_Data.csproj", "{293D38A9-92DC-4745-B31C-4C5580D148FC}"
EndProject
Project("{9A19103F-16F7-4668-BE54-9A1E7A4F7556}") = "A03_Jedi_Galaxy", "A03_Jedi_Galaxy\A03_Jedi_Galaxy.csproj", "{FB7CC834-7586-402A-AA30-3CC4CF830CB7}"
EndProject
Project("{FAE04EC0-301F-11D3-BF4B-00C04F79EFBC}") = "A04_Hospital", "A04_Hospital\A04_Hospital.csproj", "{D27FADA3-582B-4ACB-AA71-D44B2EB7CF16}"
EndProject
Global
	GlobalSection(SolutionConfigurationPlatforms) = preSolution
		Debug|Any CPU = Debug|Any CPU
		Release|Any CPU = Release|Any CPU
	EndGlobalSection
	GlobalSection(ProjectConfigurationPlatforms) = postSolution
		{293D38A9-92DC-4745-B31C-4C5580D148FC}.Debug|Any CPU.ActiveCfg = Debug|Any CPU
		{293D38A9-92DC-4745-B31C-4C5580D148FC}.Debug|Any CPU.Build.0 = Debug|Any CPU
		{293D38A9-92DC-4745-B31C-4C5580D148FC}.Release|Any CPU.ActiveCfg = Release|Any CPU
		{293D38A9-92DC-4745-B31C-4C5580D148FC}.Release|Any CPU.Build.0 = Release|Any CPU
		{FB7CC834-7586-402A-AA30-3CC4CF830CB7}.Debug|Any CPU.ActiveCfg = Debug|Any CPU
		{FB7CC834-7586-402A-AA30-3CC4CF830CB7}.Debug|Any CPU.Build.0 = Debug|Any CPU
		{FB7CC834-7586-402A-AA30-3CC4CF830CB7}.Release|Any CPU.ActiveCfg = Release|Any CPU
		{FB7CC834-7586-402A-AA30-3CC4CF830CB7}.Release|Any CPU.Build.0 = Release|Any CPU
		{D27FADA3-582B-4ACB-AA71-D44B2EB7CF16}.Debug|Any CPU.ActiveCfg = Debug|Any CPU
		{D27FADA3-582B-4ACB-AA71-D44B2EB7CF16}.Debug|Any CPU.Build.0 = Debug|Any CPU
		{D27FADA3-582B-4ACB-AA71-D44B2EB7CF16}.Release|Any CPU.ActiveCfg = Release|Any CPU
		{D27FADA3-582B-4ACB-AA71-D44B2EB7CF16}.Release|Any CPU.Build.0 = Release|Any CPU
	EndGlobalSection
	GlobalSection(SolutionProperties) = preSolution
		HideSolutionNode = FALSE
	EndGlobalSection
	GlobalSection(ExtensibilityGlobals) = postSolution
		SolutionGuid = {D3067DA6-E6E2-43D0-AD09-07209E44F0D8}
	EndGlobalSection
EndGlobal
