
Microsoft Visual Studio Solution File, Format Version 12.00
# Visual Studio 15
VisualStudioVersion = 15.0.27428.2005
MinimumVisualStudioVersion = 10.0.40219.1
Project("{9A19103F-16F7-4668-BE54-9A1E7A4F7556}") = "Task_01_Harvesting_Fields", "Task_01_Harvesting_Fields\Task_01_Harvesting_Fields.csproj", "{2DFCF0EF-F7C1-4B90-9534-10B4C6E525C6}"
EndProject
Project("{FAE04EC0-301F-11D3-BF4B-00C04F79EFBC}") = "Task_06", "Task_06\Task_06.csproj", "{BF907D64-72E6-4575-A210-6FAD5A5F464B}"
EndProject
Global
	GlobalSection(SolutionConfigurationPlatforms) = preSolution
		Debug|Any CPU = Debug|Any CPU
		Release|Any CPU = Release|Any CPU
	EndGlobalSection
	GlobalSection(ProjectConfigurationPlatforms) = postSolution
		{2DFCF0EF-F7C1-4B90-9534-10B4C6E525C6}.Debug|Any CPU.ActiveCfg = Debug|Any CPU
		{2DFCF0EF-F7C1-4B90-9534-10B4C6E525C6}.Debug|Any CPU.Build.0 = Debug|Any CPU
		{2DFCF0EF-F7C1-4B90-9534-10B4C6E525C6}.Release|Any CPU.ActiveCfg = Release|Any CPU
		{2DFCF0EF-F7C1-4B90-9534-10B4C6E525C6}.Release|Any CPU.Build.0 = Release|Any CPU
		{BF907D64-72E6-4575-A210-6FAD5A5F464B}.Debug|Any CPU.ActiveCfg = Debug|Any CPU
		{BF907D64-72E6-4575-A210-6FAD5A5F464B}.Debug|Any CPU.Build.0 = Debug|Any CPU
		{BF907D64-72E6-4575-A210-6FAD5A5F464B}.Release|Any CPU.ActiveCfg = Release|Any CPU
		{BF907D64-72E6-4575-A210-6FAD5A5F464B}.Release|Any CPU.Build.0 = Release|Any CPU
	EndGlobalSection
	GlobalSection(SolutionProperties) = preSolution
		HideSolutionNode = FALSE
	EndGlobalSection
	GlobalSection(ExtensibilityGlobals) = postSolution
		SolutionGuid = {A3F75CEE-61BF-4210-ADCB-C23E2A0D047A}
	EndGlobalSection
EndGlobal
