
Microsoft Visual Studio Solution File, Format Version 12.00
# Visual Studio 15
VisualStudioVersion = 15.0.27428.2005
MinimumVisualStudioVersion = 10.0.40219.1
Project("{9A19103F-16F7-4668-BE54-9A1E7A4F7556}") = "P03_BarraksWars", "P03_BarraksWars.csproj", "{49E20580-8B05-482B-A30D-AA2B4E8D7959}"
EndProject
Global
	GlobalSection(SolutionConfigurationPlatforms) = preSolution
		Debug|Any CPU = Debug|Any CPU
		Release|Any CPU = Release|Any CPU
	EndGlobalSection
	GlobalSection(ProjectConfigurationPlatforms) = postSolution
		{49E20580-8B05-482B-A30D-AA2B4E8D7959}.Debug|Any CPU.ActiveCfg = Debug|Any CPU
		{49E20580-8B05-482B-A30D-AA2B4E8D7959}.Debug|Any CPU.Build.0 = Debug|Any CPU
		{49E20580-8B05-482B-A30D-AA2B4E8D7959}.Release|Any CPU.ActiveCfg = Release|Any CPU
		{49E20580-8B05-482B-A30D-AA2B4E8D7959}.Release|Any CPU.Build.0 = Release|Any CPU
	EndGlobalSection
	GlobalSection(SolutionProperties) = preSolution
		HideSolutionNode = FALSE
	EndGlobalSection
	GlobalSection(ExtensibilityGlobals) = postSolution
		SolutionGuid = {5461B553-D9F6-42F6-99A1-185334F35FED}
	EndGlobalSection
EndGlobal
